{
  "name": "js-sql-slonik-task",
  "version": "1.0.0",
  "lockfileVersion": 3,
  "requires": true,
  "packages": {
    "": {
      "name": "js-sql-slonik-task",
      "version": "1.0.0",
      "dependencies": {
        "slonik": "^49.10.7"
      }
    },
    "node_modules/@opentelemetry/api": {
      "version": "1.9.1",
      "resolved": "https://registry.npmjs.org/@opentelemetry/api/-/api-1.9.1.tgz",
      "integrity": "sha512-gLyJlPHPZYdAk1JENA9LeHejZe1Ti77/pTeFm/nMXmQH/HFZlcS/O2XJB+L8fkbrNSqhdtlvjBVjxwUYanNH5Q==",
      "license": "Apache-2.0",
      "engines": {
        "node": ">=8.0.0"
      }
    },
    "node_modules/@slonik/driver": {
      "version": "49.10.7",
      "resolved": "https://registry.npmjs.org/@slonik/driver/-/driver-49.10.7.tgz",
      "integrity": "sha512-NQ58749vyjgQyPg3ezzfHejWgoz6nrJ327SmkUXOSkX66AChfHFNYfKI6umaScEWDg+pwlE8lgDHP8bZHlUsMg==",
      "license": "BSD-3-Clause",
      "dependencies": {
        "@slonik/types": "^49.10.7",
        "@slonik/utilities": "^49.10.7",
        "roarr": "^7.21.6",
        "serialize-error": "^12.0.0",
        "strict-event-emitter-types": "^2.0.0"
      },
      "engines": {
        "node": ">=24"
      },
      "peerDependencies": {
        "zod": "^3.25 || ^4"
      }
    },
    "node_modules/@slonik/errors": {
      "version": "49.10.7",
      "resolved": "https://registry.npmjs.org/@slonik/errors/-/errors-49.10.7.tgz",
      "integrity": "sha512-UxIHHP7I/+OBM8t2r6BY8lSMnD8V8pTP0i2O2mZ9uiVAz3bwVUvF4Q9JbUaoYbmxqfhBOknLmK356q50gjyMbA==",
      "license": "BSD-3-Clause",
      "dependencies": {
        "@slonik/types": "^49.10.7"
      },
      "engines": {
        "node": ">=24"
      }
    },
    "node_modules/@slonik/pg-driver": {
      "version": "49.10.7",
      "resolved": "https://registry.npmjs.org/@slonik/pg-driver/-/pg-driver-49.10.7.tgz",
      "integrity": "sha512-bdBUEBj5BAboEUoHpznfRSJ65A7b43POUQNiX65H6P5Ts2eWvF/9CiE8JGxWfJnu9FekKaCluPoECAtZeF0cow==",
      "license": "BSD-3-Clause",
      "dependencies": {
        "@slonik/driver": "^49.10.7",
        "@slonik/errors": "^49.10.7",
        "@slonik/sql-tag": "^49.10.7",
        "@slonik/types": "^49.10.7",
        "@slonik/utilities": "^49.10.7",
        "pg": "^8.18.0",
        "pg-query-stream": "^4.12.0",
        "pg-types": "^4.1.0",
        "postgres-array": "^3.0.4"
      },
      "engines": {
        "node": ">=24"
      },
      "peerDependencies": {
        "zod": "^3.25 || ^4"
      }
    },
    "node_modules/@slonik/sql-tag": {
      "version": "49.10.7",
      "resolved": "https://registry.npmjs.org/@slonik/sql-tag/-/sql-tag-49.10.7.tgz",
      "integrity": "sha512-nlW+3fNUiiTEPOUi3Mcr5SJldAmtCpwqRcAu/QeQbvMsZkU30oE0jZJXOQe9MC902t1tDOTRqxQxmhE1CdgUDQ==",
      "license": "BSD-3-Clause",
      "dependencies": {
        "@slonik/errors": "^49.10.7",
        "@slonik/types": "^49.10.7",
        "roarr": "^7.21.6",
        "safe-stable-stringify": "^2.5.0",
        "serialize-error": "^12.0.0",
        "zod": "^4.3.6"
      },
      "engines": {
        "node": ">=24"
      }
    },
    "node_modules/@slonik/types": {
      "version": "49.10.7",
      "resolved": "https://registry.npmjs.org/@slonik/types/-/types-49.10.7.tgz",
      "integrity": "sha512-chJYREozoamq8E5CQmLmmWnjDJiVc44xEY1SQO22W+2EsnwuRWsn6SOI9yGCS/GzlBCcbKuFoMPpXIOY1+BiQA==",
      "license": "BSD-3-Clause",
      "engines": {
        "node": ">=24"
      },
      "peerDependencies": {
        "zod": "^3.25 || ^4"
      }
    },
    "node_modules/@slonik/utilities": {
      "version": "49.10.7",
      "resolved": "https://registry.npmjs.org/@slonik/utilities/-/utilities-49.10.7.tgz",
      "integrity": "sha512-aGqE53uWIG/Vs23FL9QKa1wiCxacWJN40pkkjefZUrFZbCYSWn0y/3KPVgBg5V02RVKgJvY5zxcGG1GJx1vRvQ==",
      "license": "BSD-3-Clause",
      "dependencies": {
        "@slonik/errors": "^49.10.7",
        "@slonik/types": "^49.10.7"
      },
      "engines": {
        "node": ">=24"
      },
      "peerDependencies": {
        "zod": "^3.25 || ^4"
      }
    },
    "node_modules/@standard-schema/spec": {
      "version": "1.1.0",
      "resolved": "https://registry.npmjs.org/@standard-schema/spec/-/spec-1.1.0.tgz",
      "integrity": "sha512-l2aFy5jALhniG5HgqrD6jXLi/rUWrKvqN/qJx6yoJsgKhblVd+iqqU4RCXavm/jPityDo5TCvKMnpjKnOriy0w==",
      "license": "MIT"
    },
    "node_modules/eventemitter3": {
      "version": "5.0.4",
      "resolved": "https://registry.npmjs.org/eventemitter3/-/eventemitter3-5.0.4.tgz",
      "integrity": "sha512-mlsTRyGaPBjPedk6Bvw+aqbsXDtoAyAzm5MO7JgU+yVRyMQ5O8bD4Kcci7BS85f93veegeCPkL8R4GLClnjLFw==",
      "license": "MIT"
    },
    "node_modules/fast-printf": {
      "version": "1.6.10",
      "resolved": "https://registry.npmjs.org/fast-printf/-/fast-printf-1.6.10.tgz",
      "integrity": "sha512-GwTgG9O4FVIdShhbVF3JxOgSBY2+ePGsu2V/UONgoCPzF9VY6ZdBMKsHKCYQHZwNk3qNouUolRDsgVxcVA5G1w==",
      "license": "BSD-3-Clause",
      "engines": {
        "node": ">=10.0"
      }
    },
    "node_modules/iso8601-duration": {
      "version": "2.1.4",
      "resolved": "https://registry.npmjs.org/iso8601-duration/-/iso8601-duration-2.1.4.tgz",
      "integrity": "sha512-2TuWcuR6W0OhFZQDAY+jDUp9FC2fVTDgxTtbN0nFBfwmUA6HTqXc0wx2tIBVd/FhRp4CnJbDgCv3sCeTPMQbew==",
      "license": "MIT"
    },
    "node_modules/obuf": {
      "version": "1.1.2",
      "resolved": "https://registry.npmjs.org/obuf/-/obuf-1.1.2.tgz",
      "integrity": "sha512-PX1wu0AmAdPqOL1mWhqmlOd8kOIZQwGZw6rh7uby9fTc5lhaOWFLX3I6R1hrF9k3zUY40e6igsLGkDXK92LJNg==",
      "license": "MIT"
    },
    "node_modules/p-queue": {
      "version": "9.3.1",
      "resolved": "https://registry.npmjs.org/p-queue/-/p-queue-9.3.1.tgz",
      "integrity": "sha512-POWdiIPmsUPGwb4FeQ4OBg46aqmcInSWe45CKDsGHiOBiVQM9chqfQTuqhuTzcg2Vz9faTI65at0KkVyVEiCHw==",
      "license": "MIT",
      "dependencies": {
        "eventemitter3": "^5.0.4",
        "p-timeout": "^7.0.0"
      },
      "engines": {
        "node": ">=20"
      },
      "funding": {
        "url": "https://github.com/sponsors/sindresorhus"
      }
    },
    "node_modules/p-timeout": {
      "version": "7.0.1",
      "resolved": "https://registry.npmjs.org/p-timeout/-/p-timeout-7.0.1.tgz",
      "integrity": "sha512-AxTM2wDGORHGEkPCt8yqxOTMgpfbEHqF51f/5fJCmwFC3C/zNcGT63SymH2ttOAaiIws2zVg4+izQCjrakcwHg==",
      "license": "MIT",
      "engines": {
        "node": ">=20"
      },
      "funding": {
        "url": "https://github.com/sponsors/sindresorhus"
      }
    },
    "node_modules/pg": {
      "version": "8.22.0",
      "resolved": "https://registry.npmjs.org/pg/-/pg-8.22.0.tgz",
      "integrity": "sha512-8wih1vVIBMxoUM2oB4soJsD9tDnDpLv4OXBJ+EJzFsvycD+lfyIreC2gGHq78f8jbLLt+bvlPTFdFZfJkOuzAA==",
      "license": "MIT",
      "peer": true,
      "dependencies": {
        "pg-connection-string": "^2.14.0",
        "pg-pool": "^3.14.0",
        "pg-protocol": "^1.15.0",
        "pg-types": "2.2.0",
        "pgpass": "1.0.5"
      },
      "engines": {
        "node": ">= 16.0.0"
      },
      "optionalDependencies": {
        "pg-cloudflare": "^1.4.0"
      },
      "peerDependencies": {
        "pg-native": ">=3.0.1"
      },
      "peerDependenciesMeta": {
        "pg-native": {
          "optional": true
        }
      }
    },
    "node_modules/pg-cloudflare": {
      "version": "1.4.0",
      "resolved": "https://registry.npmjs.org/pg-cloudflare/-/pg-cloudflare-1.4.0.tgz",
      "integrity": "sha512-Vo7z/6rrQYxpNRylp4Tlob2elzbh+N/MOQbxFVWCxS7oEx6jF53GTJFxK2WWpKuBRkmiin4Mt+xofFDjx09R0A==",
      "license": "MIT",
      "optional": true
    },
    "node_modules/pg-connection-string": {
      "version": "2.14.0",
      "resolved": "https://registry.npmjs.org/pg-connection-string/-/pg-connection-string-2.14.0.tgz",
      "integrity": "sha512-XwWDGcLRGCXAR8F/AM5bG7Q+A3Wm2s6QeEjlOKZLlH3UYcguiqCWKyWXVag5TLTIjR7oOJUY8kcADaZgWPyLeg==",
      "license": "MIT"
    },
    "node_modules/pg-cursor": {
      "version": "2.21.0",
      "resolved": "https://registry.npmjs.org/pg-cursor/-/pg-cursor-2.21.0.tgz",
      "integrity": "sha512-IYvk/j+Suhtbo/C3uOf4JLsLK/gWxOTUOmYbDsbKnLaVJDq+KwhwK6ngpRfiCk8eDMS3AmGQABZCv0cREEzHQw==",
      "license": "MIT",
      "peerDependencies": {
        "pg": "^8"
      }
    },
    "node_modules/pg-int8": {
      "version": "1.0.1",
      "resolved": "https://registry.npmjs.org/pg-int8/-/pg-int8-1.0.1.tgz",
      "integrity": "sha512-WCtabS6t3c8SkpDBUlb1kjOs7l66xsGdKpIPZsg4wR+B3+u9UAum2odSsF9tnvxg80h4ZxLWMy4pRjOsFIqQpw==",
      "license": "ISC",
      "engines": {
        "node": ">=4.0.0"
      }
    },
    "node_modules/pg-numeric": {
      "version": "1.0.2",
      "resolved": "https://registry.npmjs.org/pg-numeric/-/pg-numeric-1.0.2.tgz",
      "integrity": "sha512-BM/Thnrw5jm2kKLE5uJkXqqExRUY/toLHda65XgFTBTFYZyopbKjBe29Ii3RbkvlsMoFwD+tHeGaCjjv0gHlyw==",
      "license": "ISC",
      "engines": {
        "node": ">=4"
      }
    },
    "node_modules/pg-pool": {
      "version": "3.14.0",
      "resolved": "https://registry.npmjs.org/pg-pool/-/pg-pool-3.14.0.tgz",
      "integrity": "sha512-gKtPkFdQPU3DksooVLi9LsjZxrsBUZIpa+7aVx+LV5pNh0KzP4Zleud2po+ConrxbuXGBJ6Hfer6hdgpIBpBaw==",
      "license": "MIT",
      "peerDependencies": {
        "pg": ">=8.0"
      }
    },
    "node_modules/pg-protocol": {
      "version": "1.15.0",
      "resolved": "https://registry.npmjs.org/pg-protocol/-/pg-protocol-1.15.0.tgz",
      "integrity": "sha512-cq9sECI5s0+uPUXjbz8ioyPJni6RzsRib0US67i5IoTZKw8fNeYlVE7u8F4dG7vEJJtc5wdD1K189lCCUwqWTQ==",
      "license": "MIT"
    },
    "node_modules/pg-query-stream": {
      "version": "4.16.0",
      "resolved": "https://registry.npmjs.org/pg-query-stream/-/pg-query-stream-4.16.0.tgz",
      "integrity": "sha512-vyqxAG4YVax43BCSfqcKxHSbh8YQshhVR0CjLNdo7MIM2UOqI+XsIYk0bVZJ0aKjQfjJQcGiGo9xK3hz0JcFyg==",
      "license": "MIT",
      "dependencies": {
        "pg-cursor": "^2.21.0"
      },
      "peerDependencies": {
        "pg": "^8"
      }
    },
    "node_modules/pg-types": {
      "version": "4.1.0",
      "resolved": "https://registry.npmjs.org/pg-types/-/pg-types-4.1.0.tgz",
      "integrity": "sha512-o2XFanIMy/3+mThw69O8d4n1E5zsLhdO+OPqswezu7Z5ekP4hYDqlDjlmOpYMbzY2Br0ufCwJLdDIXeNVwcWFg==",
      "license": "MIT",
      "dependencies": {
        "pg-int8": "1.0.1",
        "pg-numeric": "1.0.2",
        "postgres-array": "~3.0.1",
        "postgres-bytea": "~3.0.0",
        "postgres-date": "~2.1.0",
        "postgres-interval": "^3.0.0",
        "postgres-range": "^1.1.1"
      },
      "engines": {
        "node": ">=10"
      }
    },
    "node_modules/pg-types/node_modules/postgres-interval": {
      "version": "3.0.0",
      "resolved": "https://registry.npmjs.org/postgres-interval/-/postgres-interval-3.0.0.tgz",
      "integrity": "sha512-BSNDnbyZCXSxgA+1f5UU2GmwhoI0aU5yMxRGO8CdFEcY2BQF9xm/7MqKnYoM1nJDk8nONNWDk9WeSmePFhQdlw==",
      "license": "MIT",
      "engines": {
        "node": ">=12"
      }
    },
    "node_modules/pg/node_modules/pg-types": {
      "version": "2.2.0",
      "resolved": "https://registry.npmjs.org/pg-types/-/pg-types-2.2.0.tgz",
      "integrity": "sha512-qTAAlrEsl8s4OiEQY69wDvcMIdQN6wdz5ojQiOy6YRMuynxenON0O5oCpJI6lshc6scgAY8qvJ2On/p+CXY0GA==",
      "license": "MIT",
      "dependencies": {
        "pg-int8": "1.0.1",
        "postgres-array": "~2.0.0",
        "postgres-bytea": "~1.0.0",
        "postgres-date": "~1.0.4",
        "postgres-interval": "^1.1.0"
      },
      "engines": {
        "node": ">=4"
      }
    },
    "node_modules/pg/node_modules/postgres-array": {
      "version": "2.0.0",
      "resolved": "https://registry.npmjs.org/postgres-array/-/postgres-array-2.0.0.tgz",
      "integrity": "sha512-VpZrUqU5A69eQyW2c5CA1jtLecCsN2U/bD6VilrFDWq5+5UIEVO7nazS3TEcHf1zuPYO/sqGvUvW62g86RXZuA==",
      "license": "MIT",
      "engines": {
        "node": ">=4"
      }
    },
    "node_modules/pg/node_modules/postgres-bytea": {
      "version": "1.0.1",
      "resolved": "https://registry.npmjs.org/postgres-bytea/-/postgres-bytea-1.0.1.tgz",
      "integrity": "sha512-5+5HqXnsZPE65IJZSMkZtURARZelel2oXUEO8rH83VS/hxH5vv1uHquPg5wZs8yMAfdv971IU+kcPUczi7NVBQ==",
      "license": "MIT",
      "engines": {
        "node": ">=0.10.0"
      }
    },
    "node_modules/pg/node_modules/postgres-date": {
      "version": "1.0.7",
      "resolved": "https://registry.npmjs.org/postgres-date/-/postgres-date-1.0.7.tgz",
      "integrity": "sha512-suDmjLVQg78nMK2UZ454hAG+OAW+HQPZ6n++TNDUX+L0+uUlLywnoxJKDou51Zm+zTCjrCl0Nq6J9C5hP9vK/Q==",
      "license": "MIT",
      "engines": {
        "node": ">=0.10.0"
      }
    },
    "node_modules/pg/node_modules/postgres-interval": {
      "version": "1.2.0",
      "resolved": "https://registry.npmjs.org/postgres-interval/-/postgres-interval-1.2.0.tgz",
      "integrity": "sha512-9ZhXKM/rw350N1ovuWHbGxnGh/SNJ4cnxHiM0rxE4VN41wsg8P8zWn9hv/buK00RP4WvlOyr/RBDiptyxVbkZQ==",
      "license": "MIT",
      "dependencies": {
        "xtend": "^4.0.0"
      },
      "engines": {
        "node": ">=0.10.0"
      }
    },
    "node_modules/pgpass": {
      "version": "1.0.5",
      "resolved": "https://registry.npmjs.org/pgpass/-/pgpass-1.0.5.tgz",
      "integrity": "sha512-FdW9r/jQZhSeohs1Z3sI1yxFQNFvMcnmfuj4WBMUTxOrAyLMaTcE1aAMBiTlbMNaXvBCQuVi0R7hd8udDSP7ug==",
      "license": "MIT",
      "dependencies": {
        "split2": "^4.1.0"
      }
    },
    "node_modules/postgres-array": {
      "version": "3.0.4",
      "resolved": "https://registry.npmjs.org/postgres-array/-/postgres-array-3.0.4.tgz",
      "integrity": "sha512-nAUSGfSDGOaOAEGwqsRY27GPOea7CNipJPOA7lPbdEpx5Kg3qzdP0AaWC5MlhTWV9s4hFX39nomVZ+C4tnGOJQ==",
      "license": "MIT",
      "engines": {
        "node": ">=12"
      }
    },
    "node_modules/postgres-bytea": {
      "version": "3.0.0",
      "resolved": "https://registry.npmjs.org/postgres-bytea/-/postgres-bytea-3.0.0.tgz",
      "integrity": "sha512-CNd4jim9RFPkObHSjVHlVrxoVQXz7quwNFpz7RY1okNNme49+sVyiTvTRobiLV548Hx/hb1BG+iE7h9493WzFw==",
      "license": "MIT",
      "dependencies": {
        "obuf": "~1.1.2"
      },
      "engines": {
        "node": ">= 6"
      }
    },
    "node_modules/postgres-date": {
      "version": "2.1.0",
      "resolved": "https://registry.npmjs.org/postgres-date/-/postgres-date-2.1.0.tgz",
      "integrity": "sha512-K7Juri8gtgXVcDfZttFKVmhglp7epKb1K4pgrkLxehjqkrgPhfG6OO8LHLkfaqkbpjNRnra018XwAr1yQFWGcA==",
      "license": "MIT",
      "engines": {
        "node": ">=12"
      }
    },
    "node_modules/postgres-interval": {
      "version": "4.1.0",
      "resolved": "https://registry.npmjs.org/postgres-interval/-/postgres-interval-4.1.0.tgz",
      "integrity": "sha512-nJLACcOHi2iyRuMJeW6CuIA0Dc0i1YEpRr26XDyHAfxPjYUJOFxwZjmOc5oFFctTTh/OlRAMlnlXEJvr170fJg==",
      "license": "MIT",
      "engines": {
        "node": ">=12"
      }
    },
    "node_modules/postgres-range": {
      "version": "1.1.4",
      "resolved": "https://registry.npmjs.org/postgres-range/-/postgres-range-1.1.4.tgz",
      "integrity": "sha512-i/hbxIE9803Alj/6ytL7UHQxRvZkI9O4Sy+J3HGc4F4oo/2eQAjTSNJ0bfxyse3bH0nuVesCk+3IRLaMtG3H6w==",
      "license": "MIT"
    },
    "node_modules/roarr": {
      "version": "7.21.6",
      "resolved": "https://registry.npmjs.org/roarr/-/roarr-7.21.6.tgz",
      "integrity": "sha512-bE9gaDGzWu4BxkyxUEVHfnHruvF4gX9NAZBz86EVJoun2J18exVR/3Wwk0hhu8MWXtabkTVveNcOk1lzHaZbVw==",
      "license": "BSD-3-Clause",
      "dependencies": {
        "fast-printf": "^1.6.9",
        "safe-stable-stringify": "^2.4.3",
        "semver-compare": "^1.0.0"
      },
      "engines": {
        "node": ">=18.0"
      }
    },
    "node_modules/safe-stable-stringify": {
      "version": "2.5.0",
      "resolved": "https://registry.npmjs.org/safe-stable-stringify/-/safe-stable-stringify-2.5.0.tgz",
      "integrity": "sha512-b3rppTKm9T+PsVCBEOUR46GWI7fdOs00VKZ1+9c1EWDaDMvjQc6tUwuFyIprgGgTcWoVHSKrU8H31ZHA2e0RHA==",
      "license": "MIT",
      "engines": {
        "node": ">=10"
      }
    },
    "node_modules/semver-compare": {
      "version": "1.0.0",
      "resolved": "https://registry.npmjs.org/semver-compare/-/semver-compare-1.0.0.tgz",
      "integrity": "sha512-YM3/ITh2MJ5MtzaM429anh+x2jiLVjqILF4m4oyQB18W7Ggea7BfqdH/wGMK7dDiMghv/6WG7znWMwUDzJiXow==",
      "license": "MIT"
    },
    "node_modules/serialize-error": {
      "version": "12.0.0",
      "resolved": "https://registry.npmjs.org/serialize-error/-/serialize-error-12.0.0.tgz",
      "integrity": "sha512-ZYkZLAvKTKQXWuh5XpBw7CdbSzagarX39WyZ2H07CDLC5/KfsRGlIXV8d4+tfqX1M7916mRqR1QfNHSij+c9Pw==",
      "license": "MIT",
      "dependencies": {
        "type-fest": "^4.31.0"
      },
      "engines": {
        "node": ">=18"
      },
      "funding": {
        "url": "https://github.com/sponsors/sindresorhus"
      }
    },
    "node_modules/slonik": {
      "version": "49.10.7",
      "resolved": "https://registry.npmjs.org/slonik/-/slonik-49.10.7.tgz",
      "integrity": "sha512-w3XZusXvqMadZNISRyaH0XvhOv5tG6a9e7k5tPPahehUZlgMFzWOxabvLUrfWVRdLcoT2a8AGX3G9U/7XudbEQ==",
      "license": "BSD-3-Clause",
      "dependencies": {
        "@opentelemetry/api": "^1.9.0",
        "@slonik/driver": "^49.10.7",
        "@slonik/errors": "^49.10.7",
        "@slonik/pg-driver": "^49.10.7",
        "@slonik/sql-tag": "^49.10.7",
        "@slonik/utilities": "^49.10.7",
        "@standard-schema/spec": "^1.0.0",
        "iso8601-duration": "^2.1.3",
        "p-queue": "^9.3.0",
        "postgres-interval": "^4.0.2",
        "roarr": "^7.21.6",
        "serialize-error": "^12.0.0",
        "strict-event-emitter-types": "^2.0.0",
        "zod": "^4.3.6"
      },
      "engines": {
        "node": ">=24"
      }
    },
    "node_modules/split2": {
      "version": "4.2.0",
      "resolved": "https://registry.npmjs.org/split2/-/split2-4.2.0.tgz",
      "integrity": "sha512-UcjcJOWknrNkF6PLX83qcHM6KHgVKNkV62Y8a5uYDVv9ydGQVwAHMKqHdJje1VTWpljG0WYpCDhrCdAOYH4TWg==",
      "license": "ISC",
      "engines": {
        "node": ">= 10.x"
      }
    },
    "node_modules/strict-event-emitter-types": {
      "version": "2.0.0",
      "resolved": "https://registry.npmjs.org/strict-event-emitter-types/-/strict-event-emitter-types-2.0.0.tgz",
      "integrity": "sha512-Nk/brWYpD85WlOgzw5h173aci0Teyv8YdIAEtV+N88nDB0dLlazZyJMIsN6eo1/AR61l+p6CJTG1JIyFaoNEEA==",
      "license": "ISC"
    },
    "node_modules/type-fest": {
      "version": "4.41.0",
      "resolved": "https://registry.npmjs.org/type-fest/-/type-fest-4.41.0.tgz",
      "integrity": "sha512-TeTSQ6H5YHvpqVwBRcnLDCBnDOHWYu7IvGbHT6N8AOymcr9PJGjc1GTtiWZTYg0NCgYwvnYWEkVChQAr9bjfwA==",
      "license": "(MIT OR CC0-1.0)",
      "engines": {
        "node": ">=16"
      },
      "funding": {
        "url": "https://github.com/sponsors/sindresorhus"
      }
    },
    "node_modules/xtend": {
      "version": "4.0.2",
      "resolved": "https://registry.npmjs.org/xtend/-/xtend-4.0.2.tgz",
      "integrity": "sha512-LKYU1iAXJXUgAXn9URjiu+MWhyUXHsvfp7mcuYm9dSUKK0/CjtrUwFAxD82/mCWbtLsGjFIad0wIsod4zrTAEQ==",
      "license": "MIT",
      "engines": {
        "node": ">=0.4"
      }
    },
    "node_modules/zod": {
      "version": "4.4.3",
      "resolved": "https://registry.npmjs.org/zod/-/zod-4.4.3.tgz",
      "integrity": "sha512-ytENFjIJFl2UwYglde2jchW2Hwm4GJFLDiSXWdTrJQBIN9Fcyp7n4DhxJEiWNAJMV1/BqWfW/kkg71UDcHJyTQ==",
      "license": "MIT",
      "peer": true,
      "funding": {
        "url": "https://github.com/sponsors/colinhacks"
      }
    }
  }
}
